// !$*UTF8*$!
{
	archiveVersion = 1;
	classes = {
	};
	objectVersion = 50;
	objects = {

/* Begin PBXBuildFile section */
		849CBDEB26455017006A638E /* AppDelegate.swift in Sources */ = {isa = PBXBuildFile; fileRef = 849CBDEA26455017006A638E /* AppDelegate.swift */; };
		849CBDED26455017006A638E /* SceneDelegate.swift in Sources */ = {isa = PBXBuildFile; fileRef = 849CBDEC26455017006A638E /* SceneDelegate.swift */; };
		849CBDEF26455017006A638E /* ViewController.swift in Sources */ = {isa = PBXBuildFile; fileRef = 849CBDEE26455017006A638E /* ViewController.swift */; };
		849CBDF226455017006A638E /* Main.storyboard in Resources */ = {isa = PBXBuildFile; fileRef = 849CBDF026455017006A638E /* Main.storyboard */; };
		849CBDF42645501B006A638E /* Assets.xcassets in Resources */ = {isa = PBXBuildFile; fileRef = 849CBDF32645501B006A638E /* Assets.xcassets */; };
		849CBDF72645501B006A638E /* LaunchScreen.storyboard in Resources */ = {isa = PBXBuildFile; fileRef = 849CBDF52645501B006A638E /* LaunchScreen.storyboard */; };
		849CBE022645501B006A638E /* InstagramTests.swift in Sources */ = {isa = PBXBuildFile; fileRef = 849CBE012645501B006A638E /* InstagramTests.swift */; };
		849CBE0D2645501B006A638E /* InstagramUITests.swift in Sources */ = {isa = PBXBuildFile; fileRef = 849CBE0C2645501B006A638E /* InstagramUITests.swift */; };
/* End PBXBuildFile section */

/* Begin PBXContainerItemProxy section */
		849CBDFE2645501B006A638E /* PBXContainerItemProxy */ = {
			isa = PBXContainerItemProxy;
			containerPortal = 849CBDDF26455017006A638E /* Project object */;
			proxyType = 1;
			remoteGlobalIDString = 849CBDE626455017006A638E;
			remoteInfo = Instagram;
		};
		849CBE092645501B006A638E /* PBXContainerItemProxy */ = {
			isa = PBXContainerItemProxy;
			containerPortal = 849CBDDF26455017006A638E /* Project object */;
			proxyType = 1;
			remoteGlobalIDString = 849CBDE626455017006A638E;
			remoteInfo = Instagram;
		};
/* End PBXContainerItemProxy section */

/* Begin PBXFileReference section */
		849CBDE726455017006A638E /* Instagram.app */ = {isa = PBXFileReference; explicitFileType = wrapper.application; includeInIndex = 0; path = Instagram.app; sourceTree = BUILT_PRODUCTS_DIR; };
		849CBDEA26455017006A638E /* AppDelegate.swift */ = {isa = PBXFileReference; lastKnownFileType = sourcecode.swift; path = AppDelegate.swift; sourceTree = "<group>"; };
		849CBDEC26455017006A638E /* SceneDelegate.swift */ = {isa = PBXFileReference; lastKnownFileType = sourcecode.swift; path = SceneDelegate.swift; sourceTree = "<group>"; };
		849CBDEE26455017006A638E /* ViewController.swift */ = {isa = PBXFileReference; lastKnownFileType = sourcecode.swift; path = ViewController.swift; sourceTree = "<group>"; };
		849CBDF126455017006A638E /* Base */ = {isa = PBXFileReference; lastKnownFileType = file.storyboard; name = Base; path = Base.lproj/Main.storyboard; sourceTree = "<group>"; };
		849CBDF32645501B006A638E /* Assets.xcassets */ = {isa = PBXFileReference; lastKnownFileType = folder.assetcatalog; path = Assets.xcassets; sourceTree = "<group>"; };
		849CBDF62645501B006A638E /* Base */ = {isa = PBXFileReference; lastKnownFileType = file.storyboard; name = Base; path = Base.lproj/LaunchScreen.storyboard; sourceTree = "<group>"; };
		849CBDF82645501B006A638E /* Info.plist */ = {isa = PBXFileReference; lastKnownFileType = text.plist.xml; path = Info.plist; sourceTree = "<group>"; };
		849CBDFD2645501B006A638E /* InstagramTests.xctest */ = {isa = PBXFileReference; explicitFileType = wrapper.cfbundle; includeInIndex = 0; path = InstagramTests.xctest; sourceTree = BUILT_PRODUCTS_DIR; };
		849CBE012645501B006A638E /* InstagramTests.swift */ = {isa = PBXFileReference; lastKnownFileType = sourcecode.swift; path = InstagramTests.swift; sourceTree = "<group>"; };
		849CBE032645501B006A638E /* Info.plist */ = {isa = PBXFileReference; lastKnownFileType = text.plist.xml; path = Info.plist; sourceTree = "<group>"; };
		849CBE082645501B006A638E /* InstagramUITests.xctest */ = {isa = PBXFileReference; explicitFileType = wrapper.cfbundle; includeInIndex = 0; path = InstagramUITests.xctest; sourceTree = BUILT_PRODUCTS_DIR; };
		849CBE0C2645501B006A638E /* InstagramUITests.swift */ = {isa = PBXFileReference; lastKnownFileType = sourcecode.swift; path = InstagramUITests.swift; sourceTree = "<group>"; };
		849CBE0E2645501B006A638E /* Info.plist */ = {isa = PBXFileReference; lastKnownFileType = text.plist.xml; path = Info.plist; sourceTree = "<group>"; };
/* End PBXFileReference section */

/* Begin PBXFrameworksBuildPhase section */
		849CBDE426455017006A638E /* Frameworks */ = {
			isa = PBXFrameworksBuildPhase;
			buildActionMask = 2147483647;
			files = (
			);
			runOnlyForDeploymentPostprocessing = 0;
		};
		849CBDFA2645501B006A638E /* Frameworks */ = {
			isa = PBXFrameworksBuildPhase;
			buildActionMask = 2147483647;
			files = (
			);
			runOnlyForDeploymentPostprocessing = 0;
		};
		849CBE052645501B006A638E /* Frameworks */ = {
			isa = PBXFrameworksBuildPhase;
			buildActionMask = 2147483647;
			files = (
			);
			runOnlyForDeploymentPostprocessing = 0;
		};
/* End PBXFrameworksBuildPhase section */

/* Begin PBXGroup section */
		849CBDDE26455017006A638E = {
			isa = PBXGroup;
			children = (
				849CBDE926455017006A638E /* Instagram */,
				849CBE002645501B006A638E /* InstagramTests */,
				849CBE0B2645501B006A638E /* InstagramUITests */,
				849CBDE826455017006A638E /* Products */,
			);
			sourceTree = "<group>";
		};
		849CBDE826455017006A638E /* Products */ = {
			isa = PBXGroup;
			children = (
				849CBDE726455017006A638E /* Instagram.app */,
				849CBDFD2645501B006A638E /* InstagramTests.xctest */,
				849CBE082645501B006A638E /* InstagramUITests.xctest */,
			);
			name = Products;
			sourceTree = "<group>";
		};
		849CBDE926455017006A638E /* Instagram */ = {
			isa = PBXGroup;
			children = (
				849CBDEA26455017006A638E /* AppDelegate.swift */,
				849CBDEC26455017006A638E /* SceneDelegate.swift */,
				849CBDEE26455017006A638E /* ViewController.swift */,
				849CBDF026455017006A638E /* Main.storyboard */,
				849CBDF32645501B006A638E /* Assets.xcassets */,
				849CBDF52645501B006A638E /* LaunchScreen.storyboard */,
				849CBDF82645501B006A638E /* Info.plist */,
			);
			path = Instagram;
			sourceTree = "<group>";
		};
		849CBE002645501B006A638E /* InstagramTests */ = {
			isa = PBXGroup;
			children = (
				849CBE012645501B006A638E /* InstagramTests.swift */,
				849CBE032645501B006A638E /* Info.plist */,
			);
			path = InstagramTests;
			sourceTree = "<group>";
		};
		849CBE0B2645501B006A638E /* InstagramUITests */ = {
			isa = PBXGroup;
			children = (
				849CBE0C2645501B006A638E /* InstagramUITests.swift */,
				849CBE0E2645501B006A638E /* Info.plist */,
			);
			path = InstagramUITests;
			sourceTree = "<group>";
		};
/* End PBXGroup section */

/* Begin PBXNativeTarget section */
		849CBDE626455017006A638E /* Instagram */ = {
			isa = PBXNativeTarget;
			buildConfigurationList = 849CBE112645501B006A638E /* Build configuration list for PBXNativeTarget "Instagram" */;
			buildPhases = (
				849CBDE326455017006A638E /* Sources */,
				849CBDE426455017006A638E /* Frameworks */,
				849CBDE526455017006A638E /* Resources */,
			);
			buildRules = (
			);
			dependencies = (
			);
			name = Instagram;
			productName = Instagram;
			productReference = 849CBDE726455017006A638E /* Instagram.app */;
			productType = "com.apple.product-type.application";
		};
		849CBDFC2645501B006A638E /* InstagramTests */ = {
			isa = PBXNativeTarget;
			buildConfigurationList = 849CBE142645501B006A638E /* Build configuration list for PBXNativeTarget "InstagramTests" */;
			buildPhases = (
				849CBDF92645501B006A638E /* Sources */,
				849CBDFA2645501B006A638E /* Frameworks */,
				849CBDFB2645501B006A638E /* Resources */,
			);
			buildRules = (
			);
			dependencies = (
				849CBDFF2645501B006A638E /* PBXTargetDependency */,
			);
			name = InstagramTests;
			productName = InstagramTests;
			productReference = 849CBDFD2645501B006A638E /* InstagramTests.xctest */;
			productType = "com.apple.product-type.bundle.unit-test";
		};
		849CBE072645501B006A638E /* InstagramUITests */ = {
			isa = PBXNativeTarget;
			buildConfigurationList = 849CBE172645501B006A638E /* Build configuration list for PBXNativeTarget "InstagramUITests" */;
			buildPhases = (
				849CBE042645501B006A638E /* Sources */,
				849CBE052645501B006A638E /* Frameworks */,
				849CBE062645501B006A638E /* Resources */,
			);
			buildRules = (
			);
			dependencies = (
				849CBE0A2645501B006A638E /* PBXTargetDependency */,
			);
			name = InstagramUITests;
			productName = InstagramUITests;
			productReference = 849CBE082645501B006A638E /* InstagramUITests.xctest */;
			productType = "com.apple.product-type.bundle.ui-testing";
		};
/* End PBXNativeTarget section */

/* Begin PBXProject section */
		849CBDDF26455017006A638E /* Project object */ = {
			isa = PBXProject;
			attributes = {
				LastSwiftUpdateCheck = 1250;
				LastUpgradeCheck = 1250;
				TargetAttributes = {
					849CBDE626455017006A638E = {
						CreatedOnToolsVersion = 12.5;
					};
					849CBDFC2645501B006A638E = {
						CreatedOnToolsVersion = 12.5;
						TestTargetID = 849CBDE626455017006A638E;
					};
					849CBE072645501B006A638E = {
						CreatedOnToolsVersion = 12.5;
						TestTargetID = 849CBDE626455017006A638E;
					};
				};
			};
			buildConfigurationList = 849CBDE226455017006A638E /* Build configuration list for PBXProject "Instagram" */;
			compatibilityVersion = "Xcode 9.3";
			developmentRegion = en;
			hasScannedForEncodings = 0;
			knownRegions = (
				en,
				Base,
			);
			mainGroup = 849CBDDE26455017006A638E;
			productRefGroup = 849CBDE826455017006A638E /* Products */;
			projectDirPath = "";
			projectRoot = "";
			targets = (
				849CBDE626455017006A638E /* Instagram */,
				849CBDFC2645501B006A638E /* InstagramTests */,
				849CBE072645501B006A638E /* InstagramUITests */,
			);
		};
/* End PBXProject section */

/* Begin PBXResourcesBuildPhase section */
		849CBDE526455017006A638E /* Resources */ = {
			isa = PBXResourcesBuildPhase;
			buildActionMask = 2147483647;
			files = (
				849CBDF72645501B006A638E /* LaunchScreen.storyboard in Resources */,
				849CBDF42645501B006A638E /* Assets.xcassets in Resources */,
				849CBDF226455017006A638E /* Main.storyboard in Resources */,
			);
			runOnlyForDeploymentPostprocessing = 0;
		};
		849CBDFB2645501B006A638E /* Resources */ = {
			isa = PBXResourcesBuildPhase;
			buildActionMask = 2147483647;
			files = (
			);
			runOnlyForDeploymentPostprocessing = 0;
		};
		849CBE062645501B006A638E /* Resources */ = {
			isa = PBXResourcesBuildPhase;
			buildActionMask = 2147483647;
			files = (
			);
			runOnlyForDeploymentPostprocessing = 0;
		};
/* End PBXResourcesBuildPhase section */

/* Begin PBXSourcesBuildPhase section */
		849CBDE326455017006A638E /* Sources */ = {
			isa = PBXSourcesBuildPhase;
			buildActionMask = 2147483647;
			files = (
				849CBDEF26455017006A638E /* ViewController.swift in Sources */,
				849CBDEB26455017006A638E /* AppDelegate.swift in Sources */,
				849CBDED26455017006A638E /* SceneDelegate.swift in Sources */,
			);
			runOnlyForDeploymentPostprocessing = 0;
		};
		849CBDF92645501B006A638E /* Sources */ = {
			isa = PBXSourcesBuildPhase;
			buildActionMask = 2147483647;
			files = (
				849CBE022645501B006A638E /* InstagramTests.swift in Sources */,
			);
			runOnlyForDeploymentPostprocessing = 0;
		};
		849CBE042645501B006A638E /* Sources */ = {
			isa = PBXSourcesBuildPhase;
			buildActionMask = 2147483647;
			files = (
				849CBE0D2645501B006A638E /* InstagramUITests.swift in Sources */,
			);
			runOnlyForDeploymentPostprocessing = 0;
		};
/* End PBXSourcesBuildPhase section */

/* Begin PBXTargetDependency section */
		849CBDFF2645501B006A638E /* PBXTargetDependency */ = {
			isa = PBXTargetDependency;
			target = 849CBDE626455017006A638E /* Instagram */;
			targetProxy = 849CBDFE2645501B006A638E /* PBXContainerItemProxy */;
		};
		849CBE0A2645501B006A638E /* PBXTargetDependency */ = {
			isa = PBXTargetDependency;
			target = 849CBDE626455017006A638E /* Instagram */;
			targetProxy = 849CBE092645501B006A638E /* PBXContainerItemProxy */;
		};
/* End PBXTargetDependency section */

/* Begin PBXVariantGroup section */
		849CBDF026455017006A638E /* Main.storyboard */ = {
			isa = PBXVariantGroup;
			children = (
				849CBDF126455017006A638E /* Base */,
			);
			name = Main.storyboard;
			sourceTree = "<group>";
		};
		849CBDF52645501B006A638E /* LaunchScreen.storyboard */ = {
			isa = PBXVariantGroup;
			children = (
				849CBDF62645501B006A638E /* Base */,
			);
			name = LaunchScreen.storyboard;
			sourceTree = "<group>";
		};
/* End PBXVariantGroup section */

/* Begin XCBuildConfiguration section */
		849CBE0F2645501B006A638E /* Debug */ = {
			isa = XCBuildConfiguration;
			buildSettings = {
				ALWAYS_SEARCH_USER_PATHS = NO;
				CLANG_ANALYZER_NONNULL = YES;
				CLANG_ANALYZER_NUMBER_OBJECT_CONVERSION = YES_AGGRESSIVE;
				CLANG_CXX_LANGUAGE_STANDARD = "gnu++14";
				CLANG_CXX_LIBRARY = "libc++";
				CLANG_ENABLE_MODULES = YES;
				CLANG_ENABLE_OBJC_ARC = YES;
				CLANG_ENABLE_OBJC_WEAK = YES;
				CLANG_WARN_BLOCK_CAPTURE_AUTORELEASING = YES;
				CLANG_WARN_BOOL_CONVERSION = YES;
				CLANG_WARN_COMMA = YES;
				CLANG_WARN_CONSTANT_CONVERSION = YES;
				CLANG_WARN_DEPRECATED_OBJC_IMPLEMENTATIONS = YES;
				CLANG_WARN_DIRECT_OBJC_ISA_USAGE = YES_ERROR;
				CLANG_WARN_DOCUMENTATION_COMMENTS = YES;
				CLANG_WARN_EMPTY_BODY = YES;
				CLANG_WARN_ENUM_CONVERSION = YES;
				CLANG_WARN_INFINITE_RECURSION = YES;
				CLANG_WARN_INT_CONVERSION = YES;
				CLANG_WARN_NON_LITERAL_NULL_CONVERSION = YES;
				CLANG_WARN_OBJC_IMPLICIT_RETAIN_SELF = YES;
				CLANG_WARN_OBJC_LITERAL_CONVERSION = YES;
				CLANG_WARN_OBJC_ROOT_CLASS = YES_ERROR;
				CLANG_WARN_QUOTED_INCLUDE_IN_FRAMEWORK_HEADER = YES;
				CLANG_WARN_RANGE_LOOP_ANALYSIS = YES;
				CLANG_WARN_STRICT_PROTOTYPES = YES;
				CLANG_WARN_SUSPICIOUS_MOVE = YES;
				CLANG_WARN_UNGUARDED_AVAILABILITY = YES_AGGRESSIVE;
				CLANG_WARN_UNREACHABLE_CODE = YES;
				CLANG_WARN__DUPLICATE_METHOD_MATCH = YES;
				COPY_PHASE_STRIP = NO;
				DEBUG_INFORMATION_FORMAT = dwarf;
				ENABLE_STRICT_OBJC_MSGSEND = YES;
				ENABLE_TESTABILITY = YES;
				GCC_C_LANGUAGE_STANDARD = gnu11;
				GCC_DYNAMIC_NO_PIC = NO;
				GCC_NO_COMMON_BLOCKS = YES;
				GCC_OPTIMIZATION_LEVEL = 0;
				GCC_PREPROCESSOR_DEFINITIONS = (
					"DEBUG=1",
					"$(inherited)",
				);
				GCC_WARN_64_TO_32_BIT_CONVERSION = YES;
				GCC_WARN_ABOUT_RETURN_TYPE = YES_ERROR;
				GCC_WARN_UNDECLARED_SELECTOR = YES;
				GCC_WARN_UNINITIALIZED_AUTOS = YES_AGGRESSIVE;
				GCC_WARN_UNUSED_FUNCTION = YES;
				GCC_WARN_UNUSED_VARIABLE = YES;
				IPHONEOS_DEPLOYMENT_TARGET = 14.5;
				MTL_ENABLE_DEBUG_INFO = INCLUDE_SOURCE;
				MTL_FAST_MATH = YES;
				ONLY_ACTIVE_ARCH = YES;
				SDKROOT = iphoneos;
				SWIFT_ACTIVE_COMPILATION_CONDITIONS = DEBUG;
				SWIFT_OPTIMIZATION_LEVEL = "-Onone";
			};
			name = Debug;
		};
		849CBE102645501B006A638E /* Release */ = {
			isa = XCBuildConfiguration;
			buildSettings = {
				ALWAYS_SEARCH_USER_PATHS = NO;
				CLANG_ANALYZER_NONNULL = YES;
				CLANG_ANALYZER_NUMBER_OBJECT_CONVERSION = YES_AGGRESSIVE;
				CLANG_CXX_LANGUAGE_STANDARD = "gnu++14";
				CLANG_CXX_LIBRARY = "libc++";
				CLANG_ENABLE_MODULES = YES;
				CLANG_ENABLE_OBJC_ARC = YES;
				CLANG_ENABLE_OBJC_WEAK = YES;
				CLANG_WARN_BLOCK_CAPTURE_AUTORELEASING = YES;
				CLANG_WARN_BOOL_CONVERSION = YES;
				CLANG_WARN_COMMA = YES;
				CLANG_WARN_CONSTANT_CONVERSION = YES;
				CLANG_WARN_DEPRECATED_OBJC_IMPLEMENTATIONS = YES;
				CLANG_WARN_DIRECT_OBJC_ISA_USAGE = YES_ERROR;
				CLANG_WARN_DOCUMENTATION_COMMENTS = YES;
				CLANG_WARN_EMPTY_BODY = YES;
				CLANG_WARN_ENUM_CONVERSION = YES;
				CLANG_WARN_INFINITE_RECURSION = YES;
				CLANG_WARN_INT_CONVERSION = YES;
				CLANG_WARN_NON_LITERAL_NULL_CONVERSION = YES;
				CLANG_WARN_OBJC_IMPLICIT_RETAIN_SELF = YES;
				CLANG_WARN_OBJC_LITERAL_CONVERSION = YES;
				CLANG_WARN_OBJC_ROOT_CLASS = YES_ERROR;
				CLANG_WARN_QUOTED_INCLUDE_IN_FRAMEWORK_HEADER = YES;
				CLANG_WARN_RANGE_LOOP_ANALYSIS = YES;
				CLANG_WARN_STRICT_PROTOTYPES = YES;
				CLANG_WARN_SUSPICIOUS_MOVE = YES;
				CLANG_WARN_UNGUARDED_AVAILABILITY = YES_AGGRESSIVE;
				CLANG_WARN_UNREACHABLE_CODE = YES;
				CLANG_WARN__DUPLICATE_METHOD_MATCH = YES;
				COPY_PHASE_STRIP = NO;
				DEBUG_INFORMATION_FORMAT = "dwarf-with-dsym";
				ENABLE_NS_ASSERTIONS = NO;
				ENABLE_STRICT_OBJC_MSGSEND = YES;
				GCC_C_LANGUAGE_STANDARD = gnu11;
				GCC_NO_COMMON_BLOCKS = YES;
				GCC_WARN_64_TO_32_BIT_CONVERSION = YES;
				GCC_WARN_ABOUT_RETURN_TYPE = YES_ERROR;
				GCC_WARN_UNDECLARED_SELECTOR = YES;
				GCC_WARN_UNINITIALIZED_AUTOS = YES_AGGRESSIVE;
				GCC_WARN_UNUSED_FUNCTION = YES;
				GCC_WARN_UNUSED_VARIABLE = YES;
				IPHONEOS_DEPLOYMENT_TARGET = 14.5;
				MTL_ENABLE_DEBUG_INFO = NO;
				MTL_FAST_MATH = YES;
				SDKROOT = iphoneos;
				SWIFT_COMPILATION_MODE = wholemodule;
				SWIFT_OPTIMIZATION_LEVEL = "-O";
				VALIDATE_PRODUCT = YES;
			};
			name = Release;
		};
		849CBE122645501B006A638E /* Debug */ = {
			isa = XCBuildConfiguration;
			buildSettings = {
				ASSETCATALOG_COMPILER_APPICON_NAME = AppIcon;
				ASSETCATALOG_COMPILER_GLOBAL_ACCENT_COLOR_NAME = AccentColor;
				CODE_SIGN_STYLE = Automatic;
				DEVELOPMENT_TEAM = 7ANZRV2MVT;
				INFOPLIST_FILE = Instagram/Info.plist;
				LD_RUNPATH_SEARCH_PATHS = (
					"$(inherited)",
					"@executable_path/Frameworks",
				);
				PRODUCT_BUNDLE_IDENTIFIER = com.Minh.Instagram;
				PRODUCT_NAME = "$(TARGET_NAME)";
				SWIFT_VERSION = 5.0;
				TARGETED_DEVICE_FAMILY = "1,2";
			};
			name = Debug;
		};
		849CBE132645501B006A638E /* Release */ = {
			isa = XCBuildConfiguration;
			buildSettings = {
				ASSETCATALOG_COMPILER_APPICON_NAME = AppIcon;
				ASSETCATALOG_COMPILER_GLOBAL_ACCENT_COLOR_NAME = AccentColor;
				CODE_SIGN_STYLE = Automatic;
				DEVELOPMENT_TEAM = 7ANZRV2MVT;
				INFOPLIST_FILE = Instagram/Info.plist;
				LD_RUNPATH_SEARCH_PATHS = (
					"$(inherited)",
					"@executable_path/Frameworks",
				);
				PRODUCT_BUNDLE_IDENTIFIER = com.Minh.Instagram;
				PRODUCT_NAME = "$(TARGET_NAME)";
				SWIFT_VERSION = 5.0;
				TARGETED_DEVICE_FAMILY = "1,2";
			};
			name = Release;
		};
		849CBE152645501B006A638E /* Debug */ = {
			isa = XCBuildConfiguration;
			buildSettings = {
				ALWAYS_EMBED_SWIFT_STANDARD_LIBRARIES = YES;
				BUNDLE_LOADER = "$(TEST_HOST)";
				CODE_SIGN_STYLE = Automatic;
				DEVELOPMENT_TEAM = 7ANZRV2MVT;
				INFOPLIST_FILE = InstagramTests/Info.plist;
				IPHONEOS_DEPLOYMENT_TARGET = 14.5;
				LD_RUNPATH_SEARCH_PATHS = (
					"$(inherited)",
					"@executable_path/Frameworks",
					"@loader_path/Frameworks",
				);
				PRODUCT_BUNDLE_IDENTIFIER = com.Minh.InstagramTests;
				PRODUCT_NAME = "$(TARGET_NAME)";
				SWIFT_VERSION = 5.0;
				TARGETED_DEVICE_FAMILY = "1,2";
				TEST_HOST = "$(BUILT_PRODUCTS_DIR)/Instagram.app/Instagram";
			};
			name = Debug;
		};
		849CBE162645501B006A638E /* Release */ = {
			isa = XCBuildConfiguration;
			buildSettings = {
				ALWAYS_EMBED_SWIFT_STANDARD_LIBRARIES = YES;
				BUNDLE_LOADER = "$(TEST_HOST)";
				CODE_SIGN_STYLE = Automatic;
				DEVELOPMENT_TEAM = 7ANZRV2MVT;
				INFOPLIST_FILE = InstagramTests/Info.plist;
				IPHONEOS_DEPLOYMENT_TARGET = 14.5;
				LD_RUNPATH_SEARCH_PATHS = (
					"$(inherited)",
					"@executable_path/Frameworks",
					"@loader_path/Frameworks",
				);
				PRODUCT_BUNDLE_IDENTIFIER = com.Minh.InstagramTests;
				PRODUCT_NAME = "$(TARGET_NAME)";
				SWIFT_VERSION = 5.0;
				TARGETED_DEVICE_FAMILY = "1,2";
				TEST_HOST = "$(BUILT_PRODUCTS_DIR)/Instagram.app/Instagram";
			};
			name = Release;
		};
		849CBE182645501B006A638E /* Debug */ = {
			isa = XCBuildConfiguration;
			buildSettings = {
				ALWAYS_EMBED_SWIFT_STANDARD_LIBRARIES = YES;
				CODE_SIGN_STYLE = Automatic;
				DEVELOPMENT_TEAM = 7ANZRV2MVT;
				INFOPLIST_FILE = InstagramUITests/Info.plist;
				LD_RUNPATH_SEARCH_PATHS = (
					"$(inherited)",
					"@executable_path/Frameworks",
					"@loader_path/Frameworks",
				);
				PRODUCT_BUNDLE_IDENTIFIER = com.Minh.InstagramUITests;
				PRODUCT_NAME = "$(TARGET_NAME)";
				SWIFT_VERSION = 5.0;
				TARGETED_DEVICE_FAMILY = "1,2";
				TEST_TARGET_NAME = Instagram;
			};
			name = Debug;
		};
		849CBE192645501B006A638E /* Release */ = {
			isa = XCBuildConfiguration;
			buildSettings = {
				ALWAYS_EMBED_SWIFT_STANDARD_LIBRARIES = YES;
				CODE_SIGN_STYLE = Automatic;
				DEVELOPMENT_TEAM = 7ANZRV2MVT;
				INFOPLIST_FILE = InstagramUITests/Info.plist;
				LD_RUNPATH_SEARCH_PATHS = (
					"$(inherited)",
					"@executable_path/Frameworks",
					"@loader_path/Frameworks",
				);
				PRODUCT_BUNDLE_IDENTIFIER = com.Minh.InstagramUITests;
				PRODUCT_NAME = "$(TARGET_NAME)";
				SWIFT_VERSION = 5.0;
				TARGETED_DEVICE_FAMILY = "1,2";
				TEST_TARGET_NAME = Instagram;
			};
			name = Release;
		};
/* End XCBuildConfiguration section */

/* Begin XCConfigurationList section */
		849CBDE226455017006A638E /* Build configuration list for PBXProject "Instagram" */ = {
			isa = XCConfigurationList;
			buildConfigurations = (
				849CBE0F2645501B006A638E /* Debug */,
				849CBE102645501B006A638E /* Release */,
			);
			defaultConfigurationIsVisible = 0;
			defaultConfigurationName = Release;
		};
		849CBE112645501B006A638E /* Build configuration list for PBXNativeTarget "Instagram" */ = {
			isa = XCConfigurationList;
			buildConfigurations = (
				849CBE122645501B006A638E /* Debug */,
				849CBE132645501B006A638E /* Release */,
			);
			defaultConfigurationIsVisible = 0;
			defaultConfigurationName = Release;
		};
		849CBE142645501B006A638E /* Build configuration list for PBXNativeTarget "InstagramTests" */ = {
			isa = XCConfigurationList;
			buildConfigurations = (
				849CBE152645501B006A638E /* Debug */,
				849CBE162645501B006A638E /* Release */,
			);
			defaultConfigurationIsVisible = 0;
			defaultConfigurationName = Release;
		};
		849CBE172645501B006A638E /* Build configuration list for PBXNativeTarget "InstagramUITests" */ = {
			isa = XCConfigurationList;
			buildConfigurations = (
				849CBE182645501B006A638E /* Debug */,
				849CBE192645501B006A638E /* Release */,
			);
			defaultConfigurationIsVisible = 0;
			defaultConfigurationName = Release;
		};
/* End XCConfigurationList section */
	};
	rootObject = 849CBDDF26455017006A638E /* Project object */;
}
